
Microsoft Visual Studio Solution File, Format Version 12.00
# Visual Studio Version 17
VisualStudioVersion = 17.1.32328.378
MinimumVisualStudioVersion = 10.0.40219.1
Project("{FAE04EC0-301F-11D3-BF4B-00C04F79EFBC}") = "SongyBot", "SongyBot\SongyBot.csproj", "{3C09EF84-36BE-42AB-ACE0-48DEBF7DC583}"
EndProject
Global
	GlobalSection(SolutionConfigurationPlatforms) = preSolution
		Debug|Any CPU = Debug|Any CPU
		Release|Any CPU = Release|Any CPU
	EndGlobalSection
	GlobalSection(ProjectConfigurationPlatforms) = postSolution
		{3C09EF84-36BE-42AB-ACE0-48DEBF7DC583}.Debug|Any CPU.ActiveCfg = Debug|Any CPU
		{3C09EF84-36BE-42AB-ACE0-48DEBF7DC583}.Debug|Any CPU.Build.0 = Debug|Any CPU
		{3C09EF84-36BE-42AB-ACE0-48DEBF7DC583}.Release|Any CPU.ActiveCfg = Release|Any CPU
		{3C09EF84-36BE-42AB-ACE0-48DEBF7DC583}.Release|Any CPU.Build.0 = Release|Any CPU
	EndGlobalSection
	GlobalSection(SolutionProperties) = preSolution
		HideSolutionNode = FALSE
	EndGlobalSection
	GlobalSection(ExtensibilityGlobals) = postSolution
		SolutionGuid = {52846786-F7C8-4A1E-B9ED-D0C6DD46380E}
	EndGlobalSection
EndGlobal
